
Microsoft Visual Studio Solution File, Format Version 12.00
# Visual Studio Version 16
VisualStudioVersion = 16.0.31702.278
MinimumVisualStudioVersion = 10.0.40219.1
Project("{FAE04EC0-301F-11D3-BF4B-00C04F79EFBC}") = "TesteModalMVC", "TesteModalMVC.csproj", "{4C6F8781-9E49-4232-BE35-EC4B9F80A6EF}"
EndProject
Global
	GlobalSection(SolutionConfigurationPlatforms) = preSolution
		Debug|Any CPU = Debug|Any CPU
		Release|Any CPU = Release|Any CPU
	EndGlobalSection
	GlobalSection(ProjectConfigurationPlatforms) = postSolution
		{4C6F8781-9E49-4232-BE35-EC4B9F80A6EF}.Debug|Any CPU.ActiveCfg = Debug|Any CPU
		{4C6F8781-9E49-4232-BE35-EC4B9F80A6EF}.Debug|Any CPU.Build.0 = Debug|Any CPU
		{4C6F8781-9E49-4232-BE35-EC4B9F80A6EF}.Release|Any CPU.ActiveCfg = Release|Any CPU
		{4C6F8781-9E49-4232-BE35-EC4B9F80A6EF}.Release|Any CPU.Build.0 = Release|Any CPU
	EndGlobalSection
	GlobalSection(SolutionProperties) = preSolution
		HideSolutionNode = FALSE
	EndGlobalSection
	GlobalSection(ExtensibilityGlobals) = postSolution
		SolutionGuid = {B5AF4C30-59D9-4300-B2E5-1ACC688F986B}
	EndGlobalSection
EndGlobal
